
Microsoft Visual Studio Solution File, Format Version 12.00
# Visual Studio 15
VisualStudioVersion = 15.0.27703.2047
MinimumVisualStudioVersion = 10.0.40219.1
Project("{FAE04EC0-301F-11D3-BF4B-00C04F79EFBC}") = "EJERCICIO_02", "EJERCICIO_02\EJERCICIO_02.csproj", "{67762285-4F8C-435C-9480-BFC51A06005C}"
EndProject
Global
	GlobalSection(SolutionConfigurationPlatforms) = preSolution
		Debug|Any CPU = Debug|Any CPU
		Release|Any CPU = Release|Any CPU
	EndGlobalSection
	GlobalSection(ProjectConfigurationPlatforms) = postSolution
		{67762285-4F8C-435C-9480-BFC51A06005C}.Debug|Any CPU.ActiveCfg = Debug|Any CPU
		{67762285-4F8C-435C-9480-BFC51A06005C}.Debug|Any CPU.Build.0 = Debug|Any CPU
		{67762285-4F8C-435C-9480-BFC51A06005C}.Release|Any CPU.ActiveCfg = Release|Any CPU
		{67762285-4F8C-435C-9480-BFC51A06005C}.Release|Any CPU.Build.0 = Release|Any CPU
	EndGlobalSection
	GlobalSection(SolutionProperties) = preSolution
		HideSolutionNode = FALSE
	EndGlobalSection
	GlobalSection(ExtensibilityGlobals) = postSolution
		SolutionGuid = {E838E3FC-5023-4719-A5A3-6DF1314E6013}
	EndGlobalSection
EndGlobal
