
Microsoft Visual Studio Solution File, Format Version 12.00
# Visual Studio 15
VisualStudioVersion = 15.0.27703.2047
MinimumVisualStudioVersion = 10.0.40219.1
Project("{FAE04EC0-301F-11D3-BF4B-00C04F79EFBC}") = "POO_S02", "POO_S02\POO_S02.csproj", "{2E50A01C-4CD5-427C-B9D4-00F3EBC0F582}"
EndProject
Global
	GlobalSection(SolutionConfigurationPlatforms) = preSolution
		Debug|Any CPU = Debug|Any CPU
		Release|Any CPU = Release|Any CPU
	EndGlobalSection
	GlobalSection(ProjectConfigurationPlatforms) = postSolution
		{2E50A01C-4CD5-427C-B9D4-00F3EBC0F582}.Debug|Any CPU.ActiveCfg = Debug|Any CPU
		{2E50A01C-4CD5-427C-B9D4-00F3EBC0F582}.Debug|Any CPU.Build.0 = Debug|Any CPU
		{2E50A01C-4CD5-427C-B9D4-00F3EBC0F582}.Release|Any CPU.ActiveCfg = Release|Any CPU
		{2E50A01C-4CD5-427C-B9D4-00F3EBC0F582}.Release|Any CPU.Build.0 = Release|Any CPU
	EndGlobalSection
	GlobalSection(SolutionProperties) = preSolution
		HideSolutionNode = FALSE
	EndGlobalSection
	GlobalSection(ExtensibilityGlobals) = postSolution
		SolutionGuid = {59617FD7-F7E1-46B2-9B44-3C6FBD40DDFA}
	EndGlobalSection
EndGlobal
